
Microsoft Visual Studio Solution File, Format Version 12.00
# Visual Studio Version 16
VisualStudioVersion = 16.0.30413.136
MinimumVisualStudioVersion = 10.0.40219.1
Project("{FAE04EC0-301F-11D3-BF4B-00C04F79EFBC}") = "IPR_Bioscoop", "IPR_Bioscoop\IPR_Bioscoop.csproj", "{5B153B3C-37F0-4A42-A4F7-A0CA8FCDD044}"
EndProject
Project("{9A19103F-16F7-4668-BE54-9A1E7A4F7556}") = "Client", "Client\Client.csproj", "{389635C1-40EA-42B6-BC2E-8B5071FCF064}"
EndProject
Project("{9A19103F-16F7-4668-BE54-9A1E7A4F7556}") = "Server", "Server\Server.csproj", "{B078F15B-808D-4247-BB10-FE0E72275301}"
EndProject
Project("{D954291E-2A0B-460D-934E-DC6B0785DB48}") = "JsonCommands", "JsonCommands\JsonCommands.shproj", "{AE165AF3-8E1A-469D-83F0-098EF39EE5F7}"
EndProject
Project("{9A19103F-16F7-4668-BE54-9A1E7A4F7556}") = "GUI", "GUI\GUI.csproj", "{6D84AAFA-1B3E-47DE-BDD2-6656A5121002}"
EndProject
Project("{FAE04EC0-301F-11D3-BF4B-00C04F79EFBC}") = "FilmTest", "FilmTest\FilmTest.csproj", "{DFF79EE9-6BD9-4B2B-A007-A91E4E9C6346}"
EndProject
Project("{9A19103F-16F7-4668-BE54-9A1E7A4F7556}") = "UnitTests", "UnitTests\UnitTests.csproj", "{CE2843BC-EECD-4B01-829A-2F239558200F}"
EndProject
Project("{FAE04EC0-301F-11D3-BF4B-00C04F79EFBC}") = "ServerUnit", "ServerUnit\ServerUnit.csproj", "{26A6EDC0-9785-43CF-83EB-1CA8F445DFC7}"
EndProject
Global
	GlobalSection(SharedMSBuildProjectFiles) = preSolution
		JsonCommands\JsonCommands.projitems*{389635c1-40ea-42b6-bc2e-8b5071fcf064}*SharedItemsImports = 5
		JsonCommands\JsonCommands.projitems*{ae165af3-8e1a-469d-83f0-098ef39ee5f7}*SharedItemsImports = 13
		JsonCommands\JsonCommands.projitems*{b078f15b-808d-4247-bb10-fe0e72275301}*SharedItemsImports = 5
	EndGlobalSection
	GlobalSection(SolutionConfigurationPlatforms) = preSolution
		Debug|Any CPU = Debug|Any CPU
		Release|Any CPU = Release|Any CPU
	EndGlobalSection
	GlobalSection(ProjectConfigurationPlatforms) = postSolution
		{5B153B3C-37F0-4A42-A4F7-A0CA8FCDD044}.Debug|Any CPU.ActiveCfg = Debug|Any CPU
		{5B153B3C-37F0-4A42-A4F7-A0CA8FCDD044}.Debug|Any CPU.Build.0 = Debug|Any CPU
		{5B153B3C-37F0-4A42-A4F7-A0CA8FCDD044}.Release|Any CPU.ActiveCfg = Release|Any CPU
		{5B153B3C-37F0-4A42-A4F7-A0CA8FCDD044}.Release|Any CPU.Build.0 = Release|Any CPU
		{389635C1-40EA-42B6-BC2E-8B5071FCF064}.Debug|Any CPU.ActiveCfg = Debug|Any CPU
		{389635C1-40EA-42B6-BC2E-8B5071FCF064}.Debug|Any CPU.Build.0 = Debug|Any CPU
		{389635C1-40EA-42B6-BC2E-8B5071FCF064}.Release|Any CPU.ActiveCfg = Release|Any CPU
		{389635C1-40EA-42B6-BC2E-8B5071FCF064}.Release|Any CPU.Build.0 = Release|Any CPU
		{B078F15B-808D-4247-BB10-FE0E72275301}.Debug|Any CPU.ActiveCfg = Debug|Any CPU
		{B078F15B-808D-4247-BB10-FE0E72275301}.Debug|Any CPU.Build.0 = Debug|Any CPU
		{B078F15B-808D-4247-BB10-FE0E72275301}.Release|Any CPU.ActiveCfg = Release|Any CPU
		{B078F15B-808D-4247-BB10-FE0E72275301}.Release|Any CPU.Build.0 = Release|Any CPU
		{6D84AAFA-1B3E-47DE-BDD2-6656A5121002}.Debug|Any CPU.ActiveCfg = Debug|Any CPU
		{6D84AAFA-1B3E-47DE-BDD2-6656A5121002}.Debug|Any CPU.Build.0 = Debug|Any CPU
		{6D84AAFA-1B3E-47DE-BDD2-6656A5121002}.Release|Any CPU.ActiveCfg = Release|Any CPU
		{6D84AAFA-1B3E-47DE-BDD2-6656A5121002}.Release|Any CPU.Build.0 = Release|Any CPU
		{DFF79EE9-6BD9-4B2B-A007-A91E4E9C6346}.Debug|Any CPU.ActiveCfg = Debug|Any CPU
		{DFF79EE9-6BD9-4B2B-A007-A91E4E9C6346}.Debug|Any CPU.Build.0 = Debug|Any CPU
		{DFF79EE9-6BD9-4B2B-A007-A91E4E9C6346}.Release|Any CPU.ActiveCfg = Release|Any CPU
		{DFF79EE9-6BD9-4B2B-A007-A91E4E9C6346}.Release|Any CPU.Build.0 = Release|Any CPU
		{CE2843BC-EECD-4B01-829A-2F239558200F}.Debug|Any CPU.ActiveCfg = Debug|Any CPU
		{CE2843BC-EECD-4B01-829A-2F239558200F}.Debug|Any CPU.Build.0 = Debug|Any CPU
		{CE2843BC-EECD-4B01-829A-2F239558200F}.Release|Any CPU.ActiveCfg = Release|Any CPU
		{CE2843BC-EECD-4B01-829A-2F239558200F}.Release|Any CPU.Build.0 = Release|Any CPU
		{26A6EDC0-9785-43CF-83EB-1CA8F445DFC7}.Debug|Any CPU.ActiveCfg = Debug|Any CPU
		{26A6EDC0-9785-43CF-83EB-1CA8F445DFC7}.Debug|Any CPU.Build.0 = Debug|Any CPU
		{26A6EDC0-9785-43CF-83EB-1CA8F445DFC7}.Release|Any CPU.ActiveCfg = Release|Any CPU
		{26A6EDC0-9785-43CF-83EB-1CA8F445DFC7}.Release|Any CPU.Build.0 = Release|Any CPU
	EndGlobalSection
	GlobalSection(SolutionProperties) = preSolution
		HideSolutionNode = FALSE
	EndGlobalSection
	GlobalSection(ExtensibilityGlobals) = postSolution
		SolutionGuid = {63580D4E-E7C1-4C26-A19A-6AF0DC735A69}
	EndGlobalSection
EndGlobal
